// !$*UTF8*$!
{
	archiveVersion = 1;
	classes = {
	};
	objectVersion = 46;
	objects = {

/* Begin PBXBuildFile section */
		C80F8C79192C1B59006347D0 /* loading.gif in Resources */ = {isa = PBXBuildFile; fileRef = C80F8C78192C1B59006347D0 /* loading.gif */; };
		C80F8C7C192C1BDC006347D0 /* DWLoadingView.m in Sources */ = {isa = PBXBuildFile; fileRef = C80F8C7B192C1BDC006347D0 /* DWLoadingView.m */; };
		C86391C918DBE87800862ED9 /* DWInitialViewController.m in Sources */ = {isa = PBXBuildFile; fileRef = C86391C818DBE87800862ED9 /* DWInitialViewController.m */; };
		C86B313218FF810E001061AE /* QuartzCore.framework in Frameworks */ = {isa = PBXBuildFile; fileRef = C86B313118FF810E001061AE /* QuartzCore.framework */; };
		C879324318E72DDB00287D5A /* DWDealer.m in Sources */ = {isa = PBXBuildFile; fileRef = C879324218E72DDB00287D5A /* DWDealer.m */; };
		C8836A9618F071C1003074D1 /* DWNavigationViewController.m in Sources */ = {isa = PBXBuildFile; fileRef = C8836A9518F071C1003074D1 /* DWNavigationViewController.m */; };
		C8A75CB118F3A45500F81AC3 /* DWArticleViewController.m in Sources */ = {isa = PBXBuildFile; fileRef = C8A75CB018F3A45500F81AC3 /* DWArticleViewController.m */; };
		C8A9085318C3B91A00A780D9 /* UIColor+ColourTheme.m in Sources */ = {isa = PBXBuildFile; fileRef = C8A9085218C3B91A00A780D9 /* UIColor+ColourTheme.m */; };
		C8BCCE5418F64144006AE2E5 /* DWContentCellView.m in Sources */ = {isa = PBXBuildFile; fileRef = C8BCCE5318F64144006AE2E5 /* DWContentCellView.m */; };
		C8C32BD1192C346100F98CB6 /* loading1.png in Resources */ = {isa = PBXBuildFile; fileRef = C8C32BCC192C346100F98CB6 /* loading1.png */; };
		C8C32BD2192C346100F98CB6 /* loading2.png in Resources */ = {isa = PBXBuildFile; fileRef = C8C32BCD192C346100F98CB6 /* loading2.png */; };
		C8C32BD3192C346100F98CB6 /* loading3.png in Resources */ = {isa = PBXBuildFile; fileRef = C8C32BCE192C346100F98CB6 /* loading3.png */; };
		C8C32BD4192C346100F98CB6 /* loading4.png in Resources */ = {isa = PBXBuildFile; fileRef = C8C32BCF192C346100F98CB6 /* loading4.png */; };
		C8C32BD5192C346100F98CB6 /* loading5.png in Resources */ = {isa = PBXBuildFile; fileRef = C8C32BD0192C346100F98CB6 /* loading5.png */; };
		C8DC0FDF18BEE6D4004F222B /* Foundation.framework in Frameworks */ = {isa = PBXBuildFile; fileRef = C8DC0FDE18BEE6D4004F222B /* Foundation.framework */; };
		C8DC0FE118BEE6D4004F222B /* CoreGraphics.framework in Frameworks */ = {isa = PBXBuildFile; fileRef = C8DC0FE018BEE6D4004F222B /* CoreGraphics.framework */; };
		C8DC0FE318BEE6D4004F222B /* UIKit.framework in Frameworks */ = {isa = PBXBuildFile; fileRef = C8DC0FE218BEE6D4004F222B /* UIKit.framework */; };
		C8DC0FE918BEE6D4004F222B /* InfoPlist.strings in Resources */ = {isa = PBXBuildFile; fileRef = C8DC0FE718BEE6D4004F222B /* InfoPlist.strings */; };
		C8DC0FEB18BEE6D4004F222B /* main.m in Sources */ = {isa = PBXBuildFile; fileRef = C8DC0FEA18BEE6D4004F222B /* main.m */; };
		C8DC0FEF18BEE6D4004F222B /* DWAppDelegate.m in Sources */ = {isa = PBXBuildFile; fileRef = C8DC0FEE18BEE6D4004F222B /* DWAppDelegate.m */; };
		C8DC0FF218BEE6D4004F222B /* Main.storyboard in Resources */ = {isa = PBXBuildFile; fileRef = C8DC0FF018BEE6D4004F222B /* Main.storyboard */; };
		C8DC0FF518BEE6D4004F222B /* DWMenuViewController.m in Sources */ = {isa = PBXBuildFile; fileRef = C8DC0FF418BEE6D4004F222B /* DWMenuViewController.m */; };
		C8DC0FF718BEE6D4004F222B /* Images.xcassets in Resources */ = {isa = PBXBuildFile; fileRef = C8DC0FF618BEE6D4004F222B /* Images.xcassets */; };
		C8DC0FFE18BEE6D4004F222B /* XCTest.framework in Frameworks */ = {isa = PBXBuildFile; fileRef = C8DC0FFD18BEE6D4004F222B /* XCTest.framework */; };
		C8DC0FFF18BEE6D4004F222B /* Foundation.framework in Frameworks */ = {isa = PBXBuildFile; fileRef = C8DC0FDE18BEE6D4004F222B /* Foundation.framework */; };
		C8DC100018BEE6D4004F222B /* UIKit.framework in Frameworks */ = {isa = PBXBuildFile; fileRef = C8DC0FE218BEE6D4004F222B /* UIKit.framework */; };
		C8DC100818BEE6D4004F222B /* InfoPlist.strings in Resources */ = {isa = PBXBuildFile; fileRef = C8DC100618BEE6D4004F222B /* InfoPlist.strings */; };
		C8DC100A18BEE6D4004F222B /* DaniWebTests.m in Sources */ = {isa = PBXBuildFile; fileRef = C8DC100918BEE6D4004F222B /* DaniWebTests.m */; };
		C8F0DF9C18C2988E00F67727 /* DWMenuView.m in Sources */ = {isa = PBXBuildFile; fileRef = C8F0DF9B18C2988E00F67727 /* DWMenuView.m */; };
		C8F0DF9F18C29D3D00F67727 /* DWMenuItem.m in Sources */ = {isa = PBXBuildFile; fileRef = C8F0DF9E18C29D3D00F67727 /* DWMenuItem.m */; };
		C8F55EFA18DF2A6F005BB7E3 /* DWContentViewController.m in Sources */ = {isa = PBXBuildFile; fileRef = C8F55EF918DF2A6F005BB7E3 /* DWContentViewController.m */; };
/* End PBXBuildFile section */

/* Begin PBXContainerItemProxy section */
		C8DC100118BEE6D4004F222B /* PBXContainerItemProxy */ = {
			isa = PBXContainerItemProxy;
			containerPortal = C8DC0FD318BEE6D4004F222B /* Project object */;
			proxyType = 1;
			remoteGlobalIDString = C8DC0FDA18BEE6D4004F222B;
			remoteInfo = DaniWeb;
		};
/* End PBXContainerItemProxy section */

/* Begin PBXFileReference section */
		C80F8C78192C1B59006347D0 /* loading.gif */ = {isa = PBXFileReference; lastKnownFileType = image.gif; path = loading.gif; sourceTree = "<group>"; };
		C80F8C7A192C1BDC006347D0 /* DWLoadingView.h */ = {isa = PBXFileReference; fileEncoding = 4; lastKnownFileType = sourcecode.c.h; path = DWLoadingView.h; sourceTree = "<group>"; };
		C80F8C7B192C1BDC006347D0 /* DWLoadingView.m */ = {isa = PBXFileReference; fileEncoding = 4; lastKnownFileType = sourcecode.c.objc; path = DWLoadingView.m; sourceTree = "<group>"; };
		C810D4CF18E26C0D007EA461 /* DWDeclaredConstants.h */ = {isa = PBXFileReference; lastKnownFileType = sourcecode.c.h; path = DWDeclaredConstants.h; sourceTree = "<group>"; };
		C86391C718DBE87800862ED9 /* DWInitialViewController.h */ = {isa = PBXFileReference; fileEncoding = 4; lastKnownFileType = sourcecode.c.h; path = DWInitialViewController.h; sourceTree = "<group>"; };
		C86391C818DBE87800862ED9 /* DWInitialViewController.m */ = {isa = PBXFileReference; fileEncoding = 4; lastKnownFileType = sourcecode.c.objc; path = DWInitialViewController.m; sourceTree = "<group>"; };
		C86B313118FF810E001061AE /* QuartzCore.framework */ = {isa = PBXFileReference; lastKnownFileType = wrapper.framework; name = QuartzCore.framework; path = System/Library/Frameworks/QuartzCore.framework; sourceTree = SDKROOT; };
		C879324118E72DDB00287D5A /* DWDealer.h */ = {isa = PBXFileReference; fileEncoding = 4; lastKnownFileType = sourcecode.c.h; path = DWDealer.h; sourceTree = "<group>"; };
		C879324218E72DDB00287D5A /* DWDealer.m */ = {isa = PBXFileReference; fileEncoding = 4; lastKnownFileType = sourcecode.c.objc; path = DWDealer.m; sourceTree = "<group>"; };
		C8836A9418F071C1003074D1 /* DWNavigationViewController.h */ = {isa = PBXFileReference; fileEncoding = 4; lastKnownFileType = sourcecode.c.h; path = DWNavigationViewController.h; sourceTree = "<group>"; };
		C8836A9518F071C1003074D1 /* DWNavigationViewController.m */ = {isa = PBXFileReference; fileEncoding = 4; lastKnownFileType = sourcecode.c.objc; path = DWNavigationViewController.m; sourceTree = "<group>"; };
		C8A75CAF18F3A45500F81AC3 /* DWArticleViewController.h */ = {isa = PBXFileReference; fileEncoding = 4; lastKnownFileType = sourcecode.c.h; path = DWArticleViewController.h; sourceTree = "<group>"; };
		C8A75CB018F3A45500F81AC3 /* DWArticleViewController.m */ = {isa = PBXFileReference; fileEncoding = 4; lastKnownFileType = sourcecode.c.objc; path = DWArticleViewController.m; sourceTree = "<group>"; };
		C8A9085118C3B91A00A780D9 /* UIColor+ColourTheme.h */ = {isa = PBXFileReference; fileEncoding = 4; lastKnownFileType = sourcecode.c.h; path = "UIColor+ColourTheme.h"; sourceTree = "<group>"; };
		C8A9085218C3B91A00A780D9 /* UIColor+ColourTheme.m */ = {isa = PBXFileReference; fileEncoding = 4; lastKnownFileType = sourcecode.c.objc; path = "UIColor+ColourTheme.m"; sourceTree = "<group>"; };
		C8BCCE5218F64144006AE2E5 /* DWContentCellView.h */ = {isa = PBXFileReference; fileEncoding = 4; lastKnownFileType = sourcecode.c.h; path = DWContentCellView.h; sourceTree = "<group>"; };
		C8BCCE5318F64144006AE2E5 /* DWContentCellView.m */ = {isa = PBXFileReference; fileEncoding = 4; lastKnownFileType = sourcecode.c.objc; path = DWContentCellView.m; sourceTree = "<group>"; };
		C8C32BCC192C346100F98CB6 /* loading1.png */ = {isa = PBXFileReference; lastKnownFileType = image.png; path = loading1.png; sourceTree = "<group>"; };
		C8C32BCD192C346100F98CB6 /* loading2.png */ = {isa = PBXFileReference; lastKnownFileType = image.png; path = loading2.png; sourceTree = "<group>"; };
		C8C32BCE192C346100F98CB6 /* loading3.png */ = {isa = PBXFileReference; lastKnownFileType = image.png; path = loading3.png; sourceTree = "<group>"; };
		C8C32BCF192C346100F98CB6 /* loading4.png */ = {isa = PBXFileReference; lastKnownFileType = image.png; path = loading4.png; sourceTree = "<group>"; };
		C8C32BD0192C346100F98CB6 /* loading5.png */ = {isa = PBXFileReference; lastKnownFileType = image.png; path = loading5.png; sourceTree = "<group>"; };
		C8DC0FDB18BEE6D4004F222B /* DaniWeb.app */ = {isa = PBXFileReference; explicitFileType = wrapper.application; includeInIndex = 0; path = DaniWeb.app; sourceTree = BUILT_PRODUCTS_DIR; };
		C8DC0FDE18BEE6D4004F222B /* Foundation.framework */ = {isa = PBXFileReference; lastKnownFileType = wrapper.framework; name = Foundation.framework; path = System/Library/Frameworks/Foundation.framework; sourceTree = SDKROOT; };
		C8DC0FE018BEE6D4004F222B /* CoreGraphics.framework */ = {isa = PBXFileReference; lastKnownFileType = wrapper.framework; name = CoreGraphics.framework; path = System/Library/Frameworks/CoreGraphics.framework; sourceTree = SDKROOT; };
		C8DC0FE218BEE6D4004F222B /* UIKit.framework */ = {isa = PBXFileReference; lastKnownFileType = wrapper.framework; name = UIKit.framework; path = System/Library/Frameworks/UIKit.framework; sourceTree = SDKROOT; };
		C8DC0FE618BEE6D4004F222B /* DaniWeb-Info.plist */ = {isa = PBXFileReference; lastKnownFileType = text.plist.xml; path = "DaniWeb-Info.plist"; sourceTree = "<group>"; };
		C8DC0FE818BEE6D4004F222B /* en */ = {isa = PBXFileReference; lastKnownFileType = text.plist.strings; name = en; path = en.lproj/InfoPlist.strings; sourceTree = "<group>"; };
		C8DC0FEA18BEE6D4004F222B /* main.m */ = {isa = PBXFileReference; lastKnownFileType = sourcecode.c.objc; path = main.m; sourceTree = "<group>"; };
		C8DC0FEC18BEE6D4004F222B /* DaniWeb-Prefix.pch */ = {isa = PBXFileReference; lastKnownFileType = sourcecode.c.h; path = "DaniWeb-Prefix.pch"; sourceTree = "<group>"; };
		C8DC0FED18BEE6D4004F222B /* DWAppDelegate.h */ = {isa = PBXFileReference; lastKnownFileType = sourcecode.c.h; path = DWAppDelegate.h; sourceTree = "<group>"; };
		C8DC0FEE18BEE6D4004F222B /* DWAppDelegate.m */ = {isa = PBXFileReference; lastKnownFileType = sourcecode.c.objc; path = DWAppDelegate.m; sourceTree = "<group>"; };
		C8DC0FF118BEE6D4004F222B /* Base */ = {isa = PBXFileReference; lastKnownFileType = file.storyboard; name = Base; path = Base.lproj/Main.storyboard; sourceTree = "<group>"; };
		C8DC0FF318BEE6D4004F222B /* DWMenuViewController.h */ = {isa = PBXFileReference; lastKnownFileType = sourcecode.c.h; path = DWMenuViewController.h; sourceTree = "<group>"; };
		C8DC0FF418BEE6D4004F222B /* DWMenuViewController.m */ = {isa = PBXFileReference; lastKnownFileType = sourcecode.c.objc; path = DWMenuViewController.m; sourceTree = "<group>"; };
		C8DC0FF618BEE6D4004F222B /* Images.xcassets */ = {isa = PBXFileReference; lastKnownFileType = folder.assetcatalog; path = Images.xcassets; sourceTree = "<group>"; };
		C8DC0FFC18BEE6D4004F222B /* DaniWebTests.xctest */ = {isa = PBXFileReference; explicitFileType = wrapper.cfbundle; includeInIndex = 0; path = DaniWebTests.xctest; sourceTree = BUILT_PRODUCTS_DIR; };
		C8DC0FFD18BEE6D4004F222B /* XCTest.framework */ = {isa = PBXFileReference; lastKnownFileType = wrapper.framework; name = XCTest.framework; path = Library/Frameworks/XCTest.framework; sourceTree = DEVELOPER_DIR; };
		C8DC100518BEE6D4004F222B /* DaniWebTests-Info.plist */ = {isa = PBXFileReference; lastKnownFileType = text.plist.xml; path = "DaniWebTests-Info.plist"; sourceTree = "<group>"; };
		C8DC100718BEE6D4004F222B /* en */ = {isa = PBXFileReference; lastKnownFileType = text.plist.strings; name = en; path = en.lproj/InfoPlist.strings; sourceTree = "<group>"; };
		C8DC100918BEE6D4004F222B /* DaniWebTests.m */ = {isa = PBXFileReference; lastKnownFileType = sourcecode.c.objc; path = DaniWebTests.m; sourceTree = "<group>"; };
		C8F0DF9A18C2988E00F67727 /* DWMenuView.h */ = {isa = PBXFileReference; fileEncoding = 4; lastKnownFileType = sourcecode.c.h; path = DWMenuView.h; sourceTree = "<group>"; };
		C8F0DF9B18C2988E00F67727 /* DWMenuView.m */ = {isa = PBXFileReference; fileEncoding = 4; lastKnownFileType = sourcecode.c.objc; path = DWMenuView.m; sourceTree = "<group>"; };
		C8F0DF9D18C29D3D00F67727 /* DWMenuItem.h */ = {isa = PBXFileReference; fileEncoding = 4; lastKnownFileType = sourcecode.c.h; path = DWMenuItem.h; sourceTree = "<group>"; };
		C8F0DF9E18C29D3D00F67727 /* DWMenuItem.m */ = {isa = PBXFileReference; fileEncoding = 4; lastKnownFileType = sourcecode.c.objc; path = DWMenuItem.m; sourceTree = "<group>"; };
		C8F55EF818DF2A6F005BB7E3 /* DWContentViewController.h */ = {isa = PBXFileReference; fileEncoding = 4; lastKnownFileType = sourcecode.c.h; path = DWContentViewController.h; sourceTree = "<group>"; };
		C8F55EF918DF2A6F005BB7E3 /* DWContentViewController.m */ = {isa = PBXFileReference; fileEncoding = 4; lastKnownFileType = sourcecode.c.objc; path = DWContentViewController.m; sourceTree = "<group>"; };
/* End PBXFileReference section */

/* Begin PBXFrameworksBuildPhase section */
		C8DC0FD818BEE6D4004F222B /* Frameworks */ = {
			isa = PBXFrameworksBuildPhase;
			buildActionMask = 2147483647;
			files = (
				C86B313218FF810E001061AE /* QuartzCore.framework in Frameworks */,
				C8DC0FE118BEE6D4004F222B /* CoreGraphics.framework in Frameworks */,
				C8DC0FE318BEE6D4004F222B /* UIKit.framework in Frameworks */,
				C8DC0FDF18BEE6D4004F222B /* Foundation.framework in Frameworks */,
			);
			runOnlyForDeploymentPostprocessing = 0;
		};
		C8DC0FF918BEE6D4004F222B /* Frameworks */ = {
			isa = PBXFrameworksBuildPhase;
			buildActionMask = 2147483647;
			files = (
				C8DC0FFE18BEE6D4004F222B /* XCTest.framework in Frameworks */,
				C8DC100018BEE6D4004F222B /* UIKit.framework in Frameworks */,
				C8DC0FFF18BEE6D4004F222B /* Foundation.framework in Frameworks */,
			);
			runOnlyForDeploymentPostprocessing = 0;
		};
/* End PBXFrameworksBuildPhase section */

/* Begin PBXGroup section */
		C8A9085418C3B92B00A780D9 /* Utilities */ = {
			isa = PBXGroup;
			children = (
				C8A9085118C3B91A00A780D9 /* UIColor+ColourTheme.h */,
				C8A9085218C3B91A00A780D9 /* UIColor+ColourTheme.m */,
				C810D4CF18E26C0D007EA461 /* DWDeclaredConstants.h */,
			);
			name = Utilities;
			sourceTree = "<group>";
		};
		C8C32BCB192C346100F98CB6 /* images */ = {
			isa = PBXGroup;
			children = (
				C8C32BCC192C346100F98CB6 /* loading1.png */,
				C8C32BCD192C346100F98CB6 /* loading2.png */,
				C8C32BCE192C346100F98CB6 /* loading3.png */,
				C8C32BCF192C346100F98CB6 /* loading4.png */,
				C8C32BD0192C346100F98CB6 /* loading5.png */,
			);
			path = images;
			sourceTree = "<group>";
		};
		C8DC0FD218BEE6D4004F222B = {
			isa = PBXGroup;
			children = (
				C8DC0FE418BEE6D4004F222B /* DaniWeb */,
				C8DC100318BEE6D4004F222B /* DaniWebTests */,
				C8DC0FDD18BEE6D4004F222B /* Frameworks */,
				C8DC0FDC18BEE6D4004F222B /* Products */,
			);
			sourceTree = "<group>";
		};
		C8DC0FDC18BEE6D4004F222B /* Products */ = {
			isa = PBXGroup;
			children = (
				C8DC0FDB18BEE6D4004F222B /* DaniWeb.app */,
				C8DC0FFC18BEE6D4004F222B /* DaniWebTests.xctest */,
			);
			name = Products;
			sourceTree = "<group>";
		};
		C8DC0FDD18BEE6D4004F222B /* Frameworks */ = {
			isa = PBXGroup;
			children = (
				C86B313118FF810E001061AE /* QuartzCore.framework */,
				C8DC0FDE18BEE6D4004F222B /* Foundation.framework */,
				C8DC0FE018BEE6D4004F222B /* CoreGraphics.framework */,
				C8DC0FE218BEE6D4004F222B /* UIKit.framework */,
				C8DC0FFD18BEE6D4004F222B /* XCTest.framework */,
			);
			name = Frameworks;
			sourceTree = "<group>";
		};
		C8DC0FE418BEE6D4004F222B /* DaniWeb */ = {
			isa = PBXGroup;
			children = (
				C86391C718DBE87800862ED9 /* DWInitialViewController.h */,
				C86391C818DBE87800862ED9 /* DWInitialViewController.m */,
				C8DC0FF018BEE6D4004F222B /* Main.storyboard */,
				C879324118E72DDB00287D5A /* DWDealer.h */,
				C879324218E72DDB00287D5A /* DWDealer.m */,
				C80F8C7A192C1BDC006347D0 /* DWLoadingView.h */,
				C80F8C7B192C1BDC006347D0 /* DWLoadingView.m */,
				C8F55EFB18DF2A79005BB7E3 /* Content */,
				C8F0DF9918C2966800F67727 /* Menu */,
				C8A9085418C3B92B00A780D9 /* Utilities */,
				C8DC0FE518BEE6D4004F222B /* Supporting Files */,
				C8C32BCB192C346100F98CB6 /* images */,
				C8DC0FF618BEE6D4004F222B /* Images.xcassets */,
			);
			path = DaniWeb;
			sourceTree = "<group>";
		};
		C8DC0FE518BEE6D4004F222B /* Supporting Files */ = {
			isa = PBXGroup;
			children = (
				C8DC0FED18BEE6D4004F222B /* DWAppDelegate.h */,
				C8DC0FEE18BEE6D4004F222B /* DWAppDelegate.m */,
				C80F8C78192C1B59006347D0 /* loading.gif */,
				C8DC0FE618BEE6D4004F222B /* DaniWeb-Info.plist */,
				C8DC0FE718BEE6D4004F222B /* InfoPlist.strings */,
				C8DC0FEA18BEE6D4004F222B /* main.m */,
				C8DC0FEC18BEE6D4004F222B /* DaniWeb-Prefix.pch */,
			);
			name = "Supporting Files";
			sourceTree = "<group>";
		};
		C8DC100318BEE6D4004F222B /* DaniWebTests */ = {
			isa = PBXGroup;
			children = (
				C8DC100918BEE6D4004F222B /* DaniWebTests.m */,
				C8DC100418BEE6D4004F222B /* Supporting Files */,
			);
			path = DaniWebTests;
			sourceTree = "<group>";
		};
		C8DC100418BEE6D4004F222B /* Supporting Files */ = {
			isa = PBXGroup;
			children = (
				C8DC100518BEE6D4004F222B /* DaniWebTests-Info.plist */,
				C8DC100618BEE6D4004F222B /* InfoPlist.strings */,
			);
			name = "Supporting Files";
			sourceTree = "<group>";
		};
		C8F0DF9918C2966800F67727 /* Menu */ = {
			isa = PBXGroup;
			children = (
				C8F0DF9D18C29D3D00F67727 /* DWMenuItem.h */,
				C8DC0FF318BEE6D4004F222B /* DWMenuViewController.h */,
				C8DC0FF418BEE6D4004F222B /* DWMenuViewController.m */,
				C8F0DF9E18C29D3D00F67727 /* DWMenuItem.m */,
				C8F0DF9A18C2988E00F67727 /* DWMenuView.h */,
				C8F0DF9B18C2988E00F67727 /* DWMenuView.m */,
			);
			name = Menu;
			sourceTree = "<group>";
		};
		C8F55EFB18DF2A79005BB7E3 /* Content */ = {
			isa = PBXGroup;
			children = (
				C8F55EF818DF2A6F005BB7E3 /* DWContentViewController.h */,
				C8F55EF918DF2A6F005BB7E3 /* DWContentViewController.m */,
				C8836A9418F071C1003074D1 /* DWNavigationViewController.h */,
				C8836A9518F071C1003074D1 /* DWNavigationViewController.m */,
				C8A75CAF18F3A45500F81AC3 /* DWArticleViewController.h */,
				C8A75CB018F3A45500F81AC3 /* DWArticleViewController.m */,
				C8BCCE5218F64144006AE2E5 /* DWContentCellView.h */,
				C8BCCE5318F64144006AE2E5 /* DWContentCellView.m */,
			);
			name = Content;
			sourceTree = "<group>";
		};
/* End PBXGroup section */

/* Begin PBXNativeTarget section */
		C8DC0FDA18BEE6D4004F222B /* DaniWeb */ = {
			isa = PBXNativeTarget;
			buildConfigurationList = C8DC100D18BEE6D4004F222B /* Build configuration list for PBXNativeTarget "DaniWeb" */;
			buildPhases = (
				C8DC0FD718BEE6D4004F222B /* Sources */,
				C8DC0FD818BEE6D4004F222B /* Frameworks */,
				C8DC0FD918BEE6D4004F222B /* Resources */,
			);
			buildRules = (
			);
			dependencies = (
			);
			name = DaniWeb;
			productName = DaniWeb;
			productReference = C8DC0FDB18BEE6D4004F222B /* DaniWeb.app */;
			productType = "com.apple.product-type.application";
		};
		C8DC0FFB18BEE6D4004F222B /* DaniWebTests */ = {
			isa = PBXNativeTarget;
			buildConfigurationList = C8DC101018BEE6D4004F222B /* Build configuration list for PBXNativeTarget "DaniWebTests" */;
			buildPhases = (
				C8DC0FF818BEE6D4004F222B /* Sources */,
				C8DC0FF918BEE6D4004F222B /* Frameworks */,
				C8DC0FFA18BEE6D4004F222B /* Resources */,
			);
			buildRules = (
			);
			dependencies = (
				C8DC100218BEE6D4004F222B /* PBXTargetDependency */,
			);
			name = DaniWebTests;
			productName = DaniWebTests;
			productReference = C8DC0FFC18BEE6D4004F222B /* DaniWebTests.xctest */;
			productType = "com.apple.product-type.bundle.unit-test";
		};
/* End PBXNativeTarget section */

/* Begin PBXProject section */
		C8DC0FD318BEE6D4004F222B /* Project object */ = {
			isa = PBXProject;
			attributes = {
				CLASSPREFIX = DW;
				LastUpgradeCheck = 0510;
				ORGANIZATIONNAME = DaniWeb;
				TargetAttributes = {
					C8DC0FDA18BEE6D4004F222B = {
						SystemCapabilities = {
							com.apple.BackgroundModes = {
								enabled = 1;
							};
						};
					};
					C8DC0FFB18BEE6D4004F222B = {
						TestTargetID = C8DC0FDA18BEE6D4004F222B;
					};
				};
			};
			buildConfigurationList = C8DC0FD618BEE6D4004F222B /* Build configuration list for PBXProject "DaniWeb" */;
			compatibilityVersion = "Xcode 3.2";
			developmentRegion = English;
			hasScannedForEncodings = 0;
			knownRegions = (
				en,
				Base,
			);
			mainGroup = C8DC0FD218BEE6D4004F222B;
			productRefGroup = C8DC0FDC18BEE6D4004F222B /* Products */;
			projectDirPath = "";
			projectRoot = "";
			targets = (
				C8DC0FDA18BEE6D4004F222B /* DaniWeb */,
				C8DC0FFB18BEE6D4004F222B /* DaniWebTests */,
			);
		};
/* End PBXProject section */

/* Begin PBXResourcesBuildPhase section */
		C8DC0FD918BEE6D4004F222B /* Resources */ = {
			isa = PBXResourcesBuildPhase;
			buildActionMask = 2147483647;
			files = (
				C8C32BD3192C346100F98CB6 /* loading3.png in Resources */,
				C8C32BD4192C346100F98CB6 /* loading4.png in Resources */,
				C8DC0FF718BEE6D4004F222B /* Images.xcassets in Resources */,
				C80F8C79192C1B59006347D0 /* loading.gif in Resources */,
				C8C32BD1192C346100F98CB6 /* loading1.png in Resources */,
				C8DC0FE918BEE6D4004F222B /* InfoPlist.strings in Resources */,
				C8DC0FF218BEE6D4004F222B /* Main.storyboard in Resources */,
				C8C32BD2192C346100F98CB6 /* loading2.png in Resources */,
				C8C32BD5192C346100F98CB6 /* loading5.png in Resources */,
			);
			runOnlyForDeploymentPostprocessing = 0;
		};
		C8DC0FFA18BEE6D4004F222B /* Resources */ = {
			isa = PBXResourcesBuildPhase;
			buildActionMask = 2147483647;
			files = (
				C8DC100818BEE6D4004F222B /* InfoPlist.strings in Resources */,
			);
			runOnlyForDeploymentPostprocessing = 0;
		};
/* End PBXResourcesBuildPhase section */

/* Begin PBXSourcesBuildPhase section */
		C8DC0FD718BEE6D4004F222B /* Sources */ = {
			isa = PBXSourcesBuildPhase;
			buildActionMask = 2147483647;
			files = (
				C8DC0FEB18BEE6D4004F222B /* main.m in Sources */,
				C8F55EFA18DF2A6F005BB7E3 /* DWContentViewController.m in Sources */,
				C8F0DF9F18C29D3D00F67727 /* DWMenuItem.m in Sources */,
				C879324318E72DDB00287D5A /* DWDealer.m in Sources */,
				C8DC0FF518BEE6D4004F222B /* DWMenuViewController.m in Sources */,
				C8A9085318C3B91A00A780D9 /* UIColor+ColourTheme.m in Sources */,
				C8F0DF9C18C2988E00F67727 /* DWMenuView.m in Sources */,
				C8BCCE5418F64144006AE2E5 /* DWContentCellView.m in Sources */,
				C86391C918DBE87800862ED9 /* DWInitialViewController.m in Sources */,
				C8A75CB118F3A45500F81AC3 /* DWArticleViewController.m in Sources */,
				C8DC0FEF18BEE6D4004F222B /* DWAppDelegate.m in Sources */,
				C80F8C7C192C1BDC006347D0 /* DWLoadingView.m in Sources */,
				C8836A9618F071C1003074D1 /* DWNavigationViewController.m in Sources */,
			);
			runOnlyForDeploymentPostprocessing = 0;
		};
		C8DC0FF818BEE6D4004F222B /* Sources */ = {
			isa = PBXSourcesBuildPhase;
			buildActionMask = 2147483647;
			files = (
				C8DC100A18BEE6D4004F222B /* DaniWebTests.m in Sources */,
			);
			runOnlyForDeploymentPostprocessing = 0;
		};
/* End PBXSourcesBuildPhase section */

/* Begin PBXTargetDependency section */
		C8DC100218BEE6D4004F222B /* PBXTargetDependency */ = {
			isa = PBXTargetDependency;
			target = C8DC0FDA18BEE6D4004F222B /* DaniWeb */;
			targetProxy = C8DC100118BEE6D4004F222B /* PBXContainerItemProxy */;
		};
/* End PBXTargetDependency section */

/* Begin PBXVariantGroup section */
		C8DC0FE718BEE6D4004F222B /* InfoPlist.strings */ = {
			isa = PBXVariantGroup;
			children = (
				C8DC0FE818BEE6D4004F222B /* en */,
			);
			name = InfoPlist.strings;
			sourceTree = "<group>";
		};
		C8DC0FF018BEE6D4004F222B /* Main.storyboard */ = {
			isa = PBXVariantGroup;
			children = (
				C8DC0FF118BEE6D4004F222B /* Base */,
			);
			name = Main.storyboard;
			sourceTree = "<group>";
		};
		C8DC100618BEE6D4004F222B /* InfoPlist.strings */ = {
			isa = PBXVariantGroup;
			children = (
				C8DC100718BEE6D4004F222B /* en */,
			);
			name = InfoPlist.strings;
			sourceTree = "<group>";
		};
/* End PBXVariantGroup section */

/* Begin XCBuildConfiguration section */
		C8DC100B18BEE6D4004F222B /* Debug */ = {
			isa = XCBuildConfiguration;
			buildSettings = {
				ALWAYS_SEARCH_USER_PATHS = NO;
				CLANG_CXX_LANGUAGE_STANDARD = "gnu++0x";
				CLANG_CXX_LIBRARY = "libc++";
				CLANG_ENABLE_MODULES = YES;
				CLANG_ENABLE_OBJC_ARC = YES;
				CLANG_WARN_BOOL_CONVERSION = YES;
				CLANG_WARN_CONSTANT_CONVERSION = YES;
				CLANG_WARN_DIRECT_OBJC_ISA_USAGE = YES_ERROR;
				CLANG_WARN_EMPTY_BODY = YES;
				CLANG_WARN_ENUM_CONVERSION = YES;
				CLANG_WARN_INT_CONVERSION = YES;
				CLANG_WARN_OBJC_ROOT_CLASS = YES_ERROR;
				CLANG_WARN__DUPLICATE_METHOD_MATCH = YES;
				"CODE_SIGN_IDENTITY[sdk=iphoneos*]" = "iPhone Developer";
				COPY_PHASE_STRIP = NO;
				GCC_C_LANGUAGE_STANDARD = gnu99;
				GCC_DYNAMIC_NO_PIC = NO;
				GCC_OPTIMIZATION_LEVEL = 0;
				GCC_PREPROCESSOR_DEFINITIONS = (
					"DEBUG=1",
					"$(inherited)",
				);
				GCC_SYMBOLS_PRIVATE_EXTERN = NO;
				GCC_WARN_64_TO_32_BIT_CONVERSION = YES;
				GCC_WARN_ABOUT_RETURN_TYPE = YES_ERROR;
				GCC_WARN_UNDECLARED_SELECTOR = YES;
				GCC_WARN_UNINITIALIZED_AUTOS = YES;
				GCC_WARN_UNUSED_FUNCTION = YES;
				GCC_WARN_UNUSED_VARIABLE = YES;
				IPHONEOS_DEPLOYMENT_TARGET = 7.0;
				ONLY_ACTIVE_ARCH = YES;
				SDKROOT = iphoneos;
			};
			name = Debug;
		};
		C8DC100C18BEE6D4004F222B /* Release */ = {
			isa = XCBuildConfiguration;
			buildSettings = {
				ALWAYS_SEARCH_USER_PATHS = NO;
				CLANG_CXX_LANGUAGE_STANDARD = "gnu++0x";
				CLANG_CXX_LIBRARY = "libc++";
				CLANG_ENABLE_MODULES = YES;
				CLANG_ENABLE_OBJC_ARC = YES;
				CLANG_WARN_BOOL_CONVERSION = YES;
				CLANG_WARN_CONSTANT_CONVERSION = YES;
				CLANG_WARN_DIRECT_OBJC_ISA_USAGE = YES_ERROR;
				CLANG_WARN_EMPTY_BODY = YES;
				CLANG_WARN_ENUM_CONVERSION = YES;
				CLANG_WARN_INT_CONVERSION = YES;
				CLANG_WARN_OBJC_ROOT_CLASS = YES_ERROR;
				CLANG_WARN__DUPLICATE_METHOD_MATCH = YES;
				"CODE_SIGN_IDENTITY[sdk=iphoneos*]" = "iPhone Developer";
				COPY_PHASE_STRIP = YES;
				ENABLE_NS_ASSERTIONS = NO;
				GCC_C_LANGUAGE_STANDARD = gnu99;
				GCC_WARN_64_TO_32_BIT_CONVERSION = YES;
				GCC_WARN_ABOUT_RETURN_TYPE = YES_ERROR;
				GCC_WARN_UNDECLARED_SELECTOR = YES;
				GCC_WARN_UNINITIALIZED_AUTOS = YES;
				GCC_WARN_UNUSED_FUNCTION = YES;
				GCC_WARN_UNUSED_VARIABLE = YES;
				IPHONEOS_DEPLOYMENT_TARGET = 7.0;
				SDKROOT = iphoneos;
				VALIDATE_PRODUCT = YES;
			};
			name = Release;
		};
		C8DC100E18BEE6D4004F222B /* Debug */ = {
			isa = XCBuildConfiguration;
			buildSettings = {
				ASSETCATALOG_COMPILER_APPICON_NAME = AppIcon;
				ASSETCATALOG_COMPILER_LAUNCHIMAGE_NAME = LaunchImage;
				GCC_PRECOMPILE_PREFIX_HEADER = YES;
				GCC_PREFIX_HEADER = "DaniWeb/DaniWeb-Prefix.pch";
				INFOPLIST_FILE = "DaniWeb/DaniWeb-Info.plist";
				PRODUCT_NAME = "$(TARGET_NAME)";
				WRAPPER_EXTENSION = app;
			};
			name = Debug;
		};
		C8DC100F18BEE6D4004F222B /* Release */ = {
			isa = XCBuildConfiguration;
			buildSettings = {
				ASSETCATALOG_COMPILER_APPICON_NAME = AppIcon;
				ASSETCATALOG_COMPILER_LAUNCHIMAGE_NAME = LaunchImage;
				GCC_PRECOMPILE_PREFIX_HEADER = YES;
				GCC_PREFIX_HEADER = "DaniWeb/DaniWeb-Prefix.pch";
				INFOPLIST_FILE = "DaniWeb/DaniWeb-Info.plist";
				PRODUCT_NAME = "$(TARGET_NAME)";
				WRAPPER_EXTENSION = app;
			};
			name = Release;
		};
		C8DC101118BEE6D4004F222B /* Debug */ = {
			isa = XCBuildConfiguration;
			buildSettings = {
				BUNDLE_LOADER = "$(BUILT_PRODUCTS_DIR)/DaniWeb.app/DaniWeb";
				FRAMEWORK_SEARCH_PATHS = (
					"$(SDKROOT)/Developer/Library/Frameworks",
					"$(inherited)",
					"$(DEVELOPER_FRAMEWORKS_DIR)",
				);
				GCC_PRECOMPILE_PREFIX_HEADER = YES;
				GCC_PREFIX_HEADER = "DaniWeb/DaniWeb-Prefix.pch";
				GCC_PREPROCESSOR_DEFINITIONS = (
					"DEBUG=1",
					"$(inherited)",
				);
				INFOPLIST_FILE = "DaniWebTests/DaniWebTests-Info.plist";
				PRODUCT_NAME = "$(TARGET_NAME)";
				TEST_HOST = "$(BUNDLE_LOADER)";
				WRAPPER_EXTENSION = xctest;
			};
			name = Debug;
		};
		C8DC101218BEE6D4004F222B /* Release */ = {
			isa = XCBuildConfiguration;
			buildSettings = {
				BUNDLE_LOADER = "$(BUILT_PRODUCTS_DIR)/DaniWeb.app/DaniWeb";
				FRAMEWORK_SEARCH_PATHS = (
					"$(SDKROOT)/Developer/Library/Frameworks",
					"$(inherited)",
					"$(DEVELOPER_FRAMEWORKS_DIR)",
				);
				GCC_PRECOMPILE_PREFIX_HEADER = YES;
				GCC_PREFIX_HEADER = "DaniWeb/DaniWeb-Prefix.pch";
				INFOPLIST_FILE = "DaniWebTests/DaniWebTests-Info.plist";
				PRODUCT_NAME = "$(TARGET_NAME)";
				TEST_HOST = "$(BUNDLE_LOADER)";
				WRAPPER_EXTENSION = xctest;
			};
			name = Release;
		};
/* End XCBuildConfiguration section */

/* Begin XCConfigurationList section */
		C8DC0FD618BEE6D4004F222B /* Build configuration list for PBXProject "DaniWeb" */ = {
			isa = XCConfigurationList;
			buildConfigurations = (
				C8DC100B18BEE6D4004F222B /* Debug */,
				C8DC100C18BEE6D4004F222B /* Release */,
			);
			defaultConfigurationIsVisible = 0;
			defaultConfigurationName = Release;
		};
		C8DC100D18BEE6D4004F222B /* Build configuration list for PBXNativeTarget "DaniWeb" */ = {
			isa = XCConfigurationList;
			buildConfigurations = (
				C8DC100E18BEE6D4004F222B /* Debug */,
				C8DC100F18BEE6D4004F222B /* Release */,
			);
			defaultConfigurationIsVisible = 0;
			defaultConfigurationName = Release;
		};
		C8DC101018BEE6D4004F222B /* Build configuration list for PBXNativeTarget "DaniWebTests" */ = {
			isa = XCConfigurationList;
			buildConfigurations = (
				C8DC101118BEE6D4004F222B /* Debug */,
				C8DC101218BEE6D4004F222B /* Release */,
			);
			defaultConfigurationIsVisible = 0;
			defaultConfigurationName = Release;
		};
/* End XCConfigurationList section */
	};
	rootObject = C8DC0FD318BEE6D4004F222B /* Project object */;
}
